// !$*UTF8*$!
{
	archiveVersion = 1;
	classes = {
	};
	objectVersion = 52;
	objects = {

/* Begin PBXBuildFile section */
		D792A1F82593AB4200175B81 /* Model.swift in Sources */ = {isa = PBXBuildFile; fileRef = D792A1F72593AB4200175B81 /* Model.swift */; };
		D7B8CEF925923924001C5040 /* Universita_RSS__SwiftUI_App.swift in Sources */ = {isa = PBXBuildFile; fileRef = D7B8CEF825923924001C5040 /* Universita_RSS__SwiftUI_App.swift */; };
		D7B8CEFB25923924001C5040 /* ContentView.swift in Sources */ = {isa = PBXBuildFile; fileRef = D7B8CEFA25923924001C5040 /* ContentView.swift */; };
		D7B8CEFD25923925001C5040 /* Assets.xcassets in Resources */ = {isa = PBXBuildFile; fileRef = D7B8CEFC25923925001C5040 /* Assets.xcassets */; };
		D7B8CF0025923925001C5040 /* Preview Assets.xcassets in Resources */ = {isa = PBXBuildFile; fileRef = D7B8CEFF25923925001C5040 /* Preview Assets.xcassets */; };
		D7B8CF0A25923D35001C5040 /* FeedKit in Frameworks */ = {isa = PBXBuildFile; productRef = D7B8CF0925923D35001C5040 /* FeedKit */; };
		D7B8CF0D25923D65001C5040 /* ViewModel.swift in Sources */ = {isa = PBXBuildFile; fileRef = D7B8CF0C25923D65001C5040 /* ViewModel.swift */; };
/* End PBXBuildFile section */

/* Begin PBXFileReference section */
		D792A1F72593AB4200175B81 /* Model.swift */ = {isa = PBXFileReference; lastKnownFileType = sourcecode.swift; path = Model.swift; sourceTree = "<group>"; };
		D7B8CEF525923924001C5040 /* Universita RSS (SwiftUI).app */ = {isa = PBXFileReference; explicitFileType = wrapper.application; includeInIndex = 0; path = "Universita RSS (SwiftUI).app"; sourceTree = BUILT_PRODUCTS_DIR; };
		D7B8CEF825923924001C5040 /* Universita_RSS__SwiftUI_App.swift */ = {isa = PBXFileReference; lastKnownFileType = sourcecode.swift; path = Universita_RSS__SwiftUI_App.swift; sourceTree = "<group>"; };
		D7B8CEFA25923924001C5040 /* ContentView.swift */ = {isa = PBXFileReference; lastKnownFileType = sourcecode.swift; path = ContentView.swift; sourceTree = "<group>"; };
		D7B8CEFC25923925001C5040 /* Assets.xcassets */ = {isa = PBXFileReference; lastKnownFileType = folder.assetcatalog; path = Assets.xcassets; sourceTree = "<group>"; };
		D7B8CEFF25923925001C5040 /* Preview Assets.xcassets */ = {isa = PBXFileReference; lastKnownFileType = folder.assetcatalog; path = "Preview Assets.xcassets"; sourceTree = "<group>"; };
		D7B8CF0125923925001C5040 /* Info.plist */ = {isa = PBXFileReference; lastKnownFileType = text.plist.xml; path = Info.plist; sourceTree = "<group>"; };
		D7B8CF0C25923D65001C5040 /* ViewModel.swift */ = {isa = PBXFileReference; lastKnownFileType = sourcecode.swift; path = ViewModel.swift; sourceTree = "<group>"; };
/* End PBXFileReference section */

/* Begin PBXFrameworksBuildPhase section */
		D7B8CEF225923924001C5040 /* Frameworks */ = {
			isa = PBXFrameworksBuildPhase;
			buildActionMask = 2147483647;
			files = (
				D7B8CF0A25923D35001C5040 /* FeedKit in Frameworks */,
			);
			runOnlyForDeploymentPostprocessing = 0;
		};
/* End PBXFrameworksBuildPhase section */

/* Begin PBXGroup section */
		D7B8CEEC25923924001C5040 = {
			isa = PBXGroup;
			children = (
				D7B8CEF725923924001C5040 /* Universita RSS (SwiftUI) */,
				D7B8CEF625923924001C5040 /* Products */,
			);
			sourceTree = "<group>";
		};
		D7B8CEF625923924001C5040 /* Products */ = {
			isa = PBXGroup;
			children = (
				D7B8CEF525923924001C5040 /* Universita RSS (SwiftUI).app */,
			);
			name = Products;
			sourceTree = "<group>";
		};
		D7B8CEF725923924001C5040 /* Universita RSS (SwiftUI) */ = {
			isa = PBXGroup;
			children = (
				D7B8CEF825923924001C5040 /* Universita_RSS__SwiftUI_App.swift */,
				D7B8CEFA25923924001C5040 /* ContentView.swift */,
				D7B8CF0C25923D65001C5040 /* ViewModel.swift */,
				D792A1F72593AB4200175B81 /* Model.swift */,
				D7B8CEFC25923925001C5040 /* Assets.xcassets */,
				D7B8CF0125923925001C5040 /* Info.plist */,
				D7B8CEFE25923925001C5040 /* Preview Content */,
			);
			path = "Universita RSS (SwiftUI)";
			sourceTree = "<group>";
		};
		D7B8CEFE25923925001C5040 /* Preview Content */ = {
			isa = PBXGroup;
			children = (
				D7B8CEFF25923925001C5040 /* Preview Assets.xcassets */,
			);
			path = "Preview Content";
			sourceTree = "<group>";
		};
/* End PBXGroup section */

/* Begin PBXNativeTarget section */
		D7B8CEF425923924001C5040 /* Universita RSS (SwiftUI) */ = {
			isa = PBXNativeTarget;
			buildConfigurationList = D7B8CF0425923925001C5040 /* Build configuration list for PBXNativeTarget "Universita RSS (SwiftUI)" */;
			buildPhases = (
				D7B8CEF125923924001C5040 /* Sources */,
				D7B8CEF225923924001C5040 /* Frameworks */,
				D7B8CEF325923924001C5040 /* Resources */,
			);
			buildRules = (
			);
			dependencies = (
			);
			name = "Universita RSS (SwiftUI)";
			packageProductDependencies = (
				D7B8CF0925923D35001C5040 /* FeedKit */,
			);
			productName = "Universita RSS (SwiftUI)";
			productReference = D7B8CEF525923924001C5040 /* Universita RSS (SwiftUI).app */;
			productType = "com.apple.product-type.application";
		};
/* End PBXNativeTarget section */

/* Begin PBXProject section */
		D7B8CEED25923924001C5040 /* Project object */ = {
			isa = PBXProject;
			attributes = {
				LastSwiftUpdateCheck = 1220;
				LastUpgradeCheck = 1220;
				TargetAttributes = {
					D7B8CEF425923924001C5040 = {
						CreatedOnToolsVersion = 12.2;
					};
				};
			};
			buildConfigurationList = D7B8CEF025923924001C5040 /* Build configuration list for PBXProject "Universita RSS (SwiftUI)" */;
			compatibilityVersion = "Xcode 9.3";
			developmentRegion = en;
			hasScannedForEncodings = 0;
			knownRegions = (
				en,
				Base,
			);
			mainGroup = D7B8CEEC25923924001C5040;
			packageReferences = (
				D7B8CF0825923D35001C5040 /* XCRemoteSwiftPackageReference "FeedKit" */,
			);
			productRefGroup = D7B8CEF625923924001C5040 /* Products */;
			projectDirPath = "";
			projectRoot = "";
			targets = (
				D7B8CEF425923924001C5040 /* Universita RSS (SwiftUI) */,
			);
		};
/* End PBXProject section */

/* Begin PBXResourcesBuildPhase section */
		D7B8CEF325923924001C5040 /* Resources */ = {
			isa = PBXResourcesBuildPhase;
			buildActionMask = 2147483647;
			files = (
				D7B8CF0025923925001C5040 /* Preview Assets.xcassets in Resources */,
				D7B8CEFD25923925001C5040 /* Assets.xcassets in Resources */,
			);
			runOnlyForDeploymentPostprocessing = 0;
		};
/* End PBXResourcesBuildPhase section */

/* Begin PBXSourcesBuildPhase section */
		D7B8CEF125923924001C5040 /* Sources */ = {
			isa = PBXSourcesBuildPhase;
			buildActionMask = 2147483647;
			files = (
				D7B8CEFB25923924001C5040 /* ContentView.swift in Sources */,
				D7B8CF0D25923D65001C5040 /* ViewModel.swift in Sources */,
				D7B8CEF925923924001C5040 /* Universita_RSS__SwiftUI_App.swift in Sources */,
				D792A1F82593AB4200175B81 /* Model.swift in Sources */,
			);
			runOnlyForDeploymentPostprocessing = 0;
		};
/* End PBXSourcesBuildPhase section */

/* Begin XCBuildConfiguration section */
		D7B8CF0225923925001C5040 /* Debug */ = {
			isa = XCBuildConfiguration;
			buildSettings = {
				ALWAYS_SEARCH_USER_PATHS = NO;
				CLANG_ANALYZER_NONNULL = YES;
				CLANG_ANALYZER_NUMBER_OBJECT_CONVERSION = YES_AGGRESSIVE;
				CLANG_CXX_LANGUAGE_STANDARD = "gnu++14";
				CLANG_CXX_LIBRARY = "libc++";
				CLANG_ENABLE_MODULES = YES;
				CLANG_ENABLE_OBJC_ARC = YES;
				CLANG_ENABLE_OBJC_WEAK = YES;
				CLANG_WARN_BLOCK_CAPTURE_AUTORELEASING = YES;
				CLANG_WARN_BOOL_CONVERSION = YES;
				CLANG_WARN_COMMA = YES;
				CLANG_WARN_CONSTANT_CONVERSION = YES;
				CLANG_WARN_DEPRECATED_OBJC_IMPLEMENTATIONS = YES;
				CLANG_WARN_DIRECT_OBJC_ISA_USAGE = YES_ERROR;
				CLANG_WARN_DOCUMENTATION_COMMENTS = YES;
				CLANG_WARN_EMPTY_BODY = YES;
				CLANG_WARN_ENUM_CONVERSION = YES;
				CLANG_WARN_INFINITE_RECURSION = YES;
				CLANG_WARN_INT_CONVERSION = YES;
				CLANG_WARN_NON_LITERAL_NULL_CONVERSION = YES;
				CLANG_WARN_OBJC_IMPLICIT_RETAIN_SELF = YES;
				CLANG_WARN_OBJC_LITERAL_CONVERSION = YES;
				CLANG_WARN_OBJC_ROOT_CLASS = YES_ERROR;
				CLANG_WARN_QUOTED_INCLUDE_IN_FRAMEWORK_HEADER = YES;
				CLANG_WARN_RANGE_LOOP_ANALYSIS = YES;
				CLANG_WARN_STRICT_PROTOTYPES = YES;
				CLANG_WARN_SUSPICIOUS_MOVE = YES;
				CLANG_WARN_UNGUARDED_AVAILABILITY = YES_AGGRESSIVE;
				CLANG_WARN_UNREACHABLE_CODE = YES;
				CLANG_WARN__DUPLICATE_METHOD_MATCH = YES;
				COPY_PHASE_STRIP = NO;
				DEBUG_INFORMATION_FORMAT = dwarf;
				ENABLE_STRICT_OBJC_MSGSEND = YES;
				ENABLE_TESTABILITY = YES;
				GCC_C_LANGUAGE_STANDARD = gnu11;
				GCC_DYNAMIC_NO_PIC = NO;
				GCC_NO_COMMON_BLOCKS = YES;
				GCC_OPTIMIZATION_LEVEL = 0;
				GCC_PREPROCESSOR_DEFINITIONS = (
					"DEBUG=1",
					"$(inherited)",
				);
				GCC_WARN_64_TO_32_BIT_CONVERSION = YES;
				GCC_WARN_ABOUT_RETURN_TYPE = YES_ERROR;
				GCC_WARN_UNDECLARED_SELECTOR = YES;
				GCC_WARN_UNINITIALIZED_AUTOS = YES_AGGRESSIVE;
				GCC_WARN_UNUSED_FUNCTION = YES;
				GCC_WARN_UNUSED_VARIABLE = YES;
				IPHONEOS_DEPLOYMENT_TARGET = 14.2;
				MTL_ENABLE_DEBUG_INFO = INCLUDE_SOURCE;
				MTL_FAST_MATH = YES;
				ONLY_ACTIVE_ARCH = YES;
				SDKROOT = iphoneos;
				SWIFT_ACTIVE_COMPILATION_CONDITIONS = DEBUG;
				SWIFT_OPTIMIZATION_LEVEL = "-Onone";
			};
			name = Debug;
		};
		D7B8CF0325923925001C5040 /* Release */ = {
			isa = XCBuildConfiguration;
			buildSettings = {
				ALWAYS_SEARCH_USER_PATHS = NO;
				CLANG_ANALYZER_NONNULL = YES;
				CLANG_ANALYZER_NUMBER_OBJECT_CONVERSION = YES_AGGRESSIVE;
				CLANG_CXX_LANGUAGE_STANDARD = "gnu++14";
				CLANG_CXX_LIBRARY = "libc++";
				CLANG_ENABLE_MODULES = YES;
				CLANG_ENABLE_OBJC_ARC = YES;
				CLANG_ENABLE_OBJC_WEAK = YES;
				CLANG_WARN_BLOCK_CAPTURE_AUTORELEASING = YES;
				CLANG_WARN_BOOL_CONVERSION = YES;
				CLANG_WARN_COMMA = YES;
				CLANG_WARN_CONSTANT_CONVERSION = YES;
				CLANG_WARN_DEPRECATED_OBJC_IMPLEMENTATIONS = YES;
				CLANG_WARN_DIRECT_OBJC_ISA_USAGE = YES_ERROR;
				CLANG_WARN_DOCUMENTATION_COMMENTS = YES;
				CLANG_WARN_EMPTY_BODY = YES;
				CLANG_WARN_ENUM_CONVERSION = YES;
				CLANG_WARN_INFINITE_RECURSION = YES;
				CLANG_WARN_INT_CONVERSION = YES;
				CLANG_WARN_NON_LITERAL_NULL_CONVERSION = YES;
				CLANG_WARN_OBJC_IMPLICIT_RETAIN_SELF = YES;
				CLANG_WARN_OBJC_LITERAL_CONVERSION = YES;
				CLANG_WARN_OBJC_ROOT_CLASS = YES_ERROR;
				CLANG_WARN_QUOTED_INCLUDE_IN_FRAMEWORK_HEADER = YES;
				CLANG_WARN_RANGE_LOOP_ANALYSIS = YES;
				CLANG_WARN_STRICT_PROTOTYPES = YES;
				CLANG_WARN_SUSPICIOUS_MOVE = YES;
				CLANG_WARN_UNGUARDED_AVAILABILITY = YES_AGGRESSIVE;
				CLANG_WARN_UNREACHABLE_CODE = YES;
				CLANG_WARN__DUPLICATE_METHOD_MATCH = YES;
				COPY_PHASE_STRIP = NO;
				DEBUG_INFORMATION_FORMAT = "dwarf-with-dsym";
				ENABLE_NS_ASSERTIONS = NO;
				ENABLE_STRICT_OBJC_MSGSEND = YES;
				GCC_C_LANGUAGE_STANDARD = gnu11;
				GCC_NO_COMMON_BLOCKS = YES;
				GCC_WARN_64_TO_32_BIT_CONVERSION = YES;
				GCC_WARN_ABOUT_RETURN_TYPE = YES_ERROR;
				GCC_WARN_UNDECLARED_SELECTOR = YES;
				GCC_WARN_UNINITIALIZED_AUTOS = YES_AGGRESSIVE;
				GCC_WARN_UNUSED_FUNCTION = YES;
				GCC_WARN_UNUSED_VARIABLE = YES;
				IPHONEOS_DEPLOYMENT_TARGET = 14.2;
				MTL_ENABLE_DEBUG_INFO = NO;
				MTL_FAST_MATH = YES;
				SDKROOT = iphoneos;
				SWIFT_COMPILATION_MODE = wholemodule;
				SWIFT_OPTIMIZATION_LEVEL = "-O";
				VALIDATE_PRODUCT = YES;
			};
			name = Release;
		};
		D7B8CF0525923925001C5040 /* Debug */ = {
			isa = XCBuildConfiguration;
			buildSettings = {
				ASSETCATALOG_COMPILER_APPICON_NAME = AppIcon;
				ASSETCATALOG_COMPILER_GLOBAL_ACCENT_COLOR_NAME = AccentColor;
				CODE_SIGN_STYLE = Automatic;
				DEVELOPMENT_ASSET_PATHS = "\"Universita RSS (SwiftUI)/Preview Content\"";
				DEVELOPMENT_TEAM = L5JEAGBE7P;
				ENABLE_PREVIEWS = YES;
				INFOPLIST_FILE = "Universita RSS (SwiftUI)/Info.plist";
				IPHONEOS_DEPLOYMENT_TARGET = 14.0;
				LD_RUNPATH_SEARCH_PATHS = (
					"$(inherited)",
					"@executable_path/Frameworks",
				);
				PRODUCT_BUNDLE_IDENTIFIER = "com.robomotic.Universita-RSS--SwiftUI-";
				PRODUCT_NAME = "$(TARGET_NAME)";
				SWIFT_VERSION = 5.0;
				TARGETED_DEVICE_FAMILY = "1,2";
			};
			name = Debug;
		};
		D7B8CF0625923925001C5040 /* Release */ = {
			isa = XCBuildConfiguration;
			buildSettings = {
				ASSETCATALOG_COMPILER_APPICON_NAME = AppIcon;
				ASSETCATALOG_COMPILER_GLOBAL_ACCENT_COLOR_NAME = AccentColor;
				CODE_SIGN_STYLE = Automatic;
				DEVELOPMENT_ASSET_PATHS = "\"Universita RSS (SwiftUI)/Preview Content\"";
				DEVELOPMENT_TEAM = L5JEAGBE7P;
				ENABLE_PREVIEWS = YES;
				INFOPLIST_FILE = "Universita RSS (SwiftUI)/Info.plist";
				IPHONEOS_DEPLOYMENT_TARGET = 14.0;
				LD_RUNPATH_SEARCH_PATHS = (
					"$(inherited)",
					"@executable_path/Frameworks",
				);
				PRODUCT_BUNDLE_IDENTIFIER = "com.robomotic.Universita-RSS--SwiftUI-";
				PRODUCT_NAME = "$(TARGET_NAME)";
				SWIFT_VERSION = 5.0;
				TARGETED_DEVICE_FAMILY = "1,2";
			};
			name = Release;
		};
/* End XCBuildConfiguration section */

/* Begin XCConfigurationList section */
		D7B8CEF025923924001C5040 /* Build configuration list for PBXProject "Universita RSS (SwiftUI)" */ = {
			isa = XCConfigurationList;
			buildConfigurations = (
				D7B8CF0225923925001C5040 /* Debug */,
				D7B8CF0325923925001C5040 /* Release */,
			);
			defaultConfigurationIsVisible = 0;
			defaultConfigurationName = Release;
		};
		D7B8CF0425923925001C5040 /* Build configuration list for PBXNativeTarget "Universita RSS (SwiftUI)" */ = {
			isa = XCConfigurationList;
			buildConfigurations = (
				D7B8CF0525923925001C5040 /* Debug */,
				D7B8CF0625923925001C5040 /* Release */,
			);
			defaultConfigurationIsVisible = 0;
			defaultConfigurationName = Release;
		};
/* End XCConfigurationList section */

/* Begin XCRemoteSwiftPackageReference section */
		D7B8CF0825923D35001C5040 /* XCRemoteSwiftPackageReference "FeedKit" */ = {
			isa = XCRemoteSwiftPackageReference;
			repositoryURL = "https://github.com/nmdias/FeedKit.git";
			requirement = {
				kind = upToNextMajorVersion;
				minimumVersion = 9.1.2;
			};
		};
/* End XCRemoteSwiftPackageReference section */

/* Begin XCSwiftPackageProductDependency section */
		D7B8CF0925923D35001C5040 /* FeedKit */ = {
			isa = XCSwiftPackageProductDependency;
			package = D7B8CF0825923D35001C5040 /* XCRemoteSwiftPackageReference "FeedKit" */;
			productName = FeedKit;
		};
/* End XCSwiftPackageProductDependency section */
	};
	rootObject = D7B8CEED25923924001C5040 /* Project object */;
}
